
Microsoft Visual Studio Solution File, Format Version 12.00
# Visual Studio Version 16
VisualStudioVersion = 16.0.29306.81
MinimumVisualStudioVersion = 10.0.40219.1
Project("{FAE04EC0-301F-11D3-BF4B-00C04F79EFBC}") = "Length", "Length\Length.csproj", "{8B17F498-7E51-494A-8DF2-9310CF2E8B15}"
EndProject
Global
	GlobalSection(SolutionConfigurationPlatforms) = preSolution
		Debug|Any CPU = Debug|Any CPU
		Release|Any CPU = Release|Any CPU
	EndGlobalSection
	GlobalSection(ProjectConfigurationPlatforms) = postSolution
		{8B17F498-7E51-494A-8DF2-9310CF2E8B15}.Debug|Any CPU.ActiveCfg = Debug|Any CPU
		{8B17F498-7E51-494A-8DF2-9310CF2E8B15}.Debug|Any CPU.Build.0 = Debug|Any CPU
		{8B17F498-7E51-494A-8DF2-9310CF2E8B15}.Release|Any CPU.ActiveCfg = Release|Any CPU
		{8B17F498-7E51-494A-8DF2-9310CF2E8B15}.Release|Any CPU.Build.0 = Release|Any CPU
	EndGlobalSection
	GlobalSection(SolutionProperties) = preSolution
		HideSolutionNode = FALSE
	EndGlobalSection
	GlobalSection(ExtensibilityGlobals) = postSolution
		SolutionGuid = {358EC978-A331-414E-9A2F-A7588C74D036}
	EndGlobalSection
EndGlobal
