
Microsoft Visual Studio Solution File, Format Version 12.00
# Visual Studio Version 16
VisualStudioVersion = 16.0.29306.81
MinimumVisualStudioVersion = 10.0.40219.1
Project("{FAE04EC0-301F-11D3-BF4B-00C04F79EFBC}") = "ListagemDeNomes", "ListagemDeNomes\ListagemDeNomes.csproj", "{B4B740F9-83A9-488D-84CE-3168952B1B7E}"
EndProject
Project("{FAE04EC0-301F-11D3-BF4B-00C04F79EFBC}") = "Batata", "b\Batata.csproj", "{3B293271-43A1-4455-8C68-DE9D7E1DF4EC}"
EndProject
Global
	GlobalSection(SolutionConfigurationPlatforms) = preSolution
		Debug|Any CPU = Debug|Any CPU
		Release|Any CPU = Release|Any CPU
	EndGlobalSection
	GlobalSection(ProjectConfigurationPlatforms) = postSolution
		{B4B740F9-83A9-488D-84CE-3168952B1B7E}.Debug|Any CPU.ActiveCfg = Debug|Any CPU
		{B4B740F9-83A9-488D-84CE-3168952B1B7E}.Debug|Any CPU.Build.0 = Debug|Any CPU
		{B4B740F9-83A9-488D-84CE-3168952B1B7E}.Release|Any CPU.ActiveCfg = Release|Any CPU
		{B4B740F9-83A9-488D-84CE-3168952B1B7E}.Release|Any CPU.Build.0 = Release|Any CPU
		{3B293271-43A1-4455-8C68-DE9D7E1DF4EC}.Debug|Any CPU.ActiveCfg = Debug|Any CPU
		{3B293271-43A1-4455-8C68-DE9D7E1DF4EC}.Debug|Any CPU.Build.0 = Debug|Any CPU
		{3B293271-43A1-4455-8C68-DE9D7E1DF4EC}.Release|Any CPU.ActiveCfg = Release|Any CPU
		{3B293271-43A1-4455-8C68-DE9D7E1DF4EC}.Release|Any CPU.Build.0 = Release|Any CPU
	EndGlobalSection
	GlobalSection(SolutionProperties) = preSolution
		HideSolutionNode = FALSE
	EndGlobalSection
	GlobalSection(ExtensibilityGlobals) = postSolution
		SolutionGuid = {12D4C41D-589C-4F82-A086-76E0200D9FE3}
	EndGlobalSection
EndGlobal
