
Microsoft Visual Studio Solution File, Format Version 12.00
# Visual Studio Version 16
VisualStudioVersion = 16.0.29306.81
MinimumVisualStudioVersion = 10.0.40219.1
Project("{FAE04EC0-301F-11D3-BF4B-00C04F79EFBC}") = "ReviewFor", "ReviewFor\ReviewFor.csproj", "{91FD237F-8548-4909-B6B2-71C66B761575}"
EndProject
Project("{FAE04EC0-301F-11D3-BF4B-00C04F79EFBC}") = "REwiwWhile", "REwiwWhile\REwiwWhile.csproj", "{AE80DE3D-C8E9-4C1B-B6E5-3072316205DF}"
EndProject
Project("{FAE04EC0-301F-11D3-BF4B-00C04F79EFBC}") = "IniciandoForeach", "IniciandoForeach\IniciandoForeach.csproj", "{11546B50-32BC-432D-9371-E0FADD4A38B6}"
EndProject
Project("{FAE04EC0-301F-11D3-BF4B-00C04F79EFBC}") = "IniciandoForech2", "IniciandoForech2\IniciandoForech2.csproj", "{35D692C5-4677-49AE-8BCF-031A1A3925B4}"
EndProject
Project("{FAE04EC0-301F-11D3-BF4B-00C04F79EFBC}") = "Exercicio1", "Exercicio1\Exercicio1.csproj", "{2A3D0C59-19A5-4544-935E-6C2CB2D087E4}"
EndProject
Global
	GlobalSection(SolutionConfigurationPlatforms) = preSolution
		Debug|Any CPU = Debug|Any CPU
		Release|Any CPU = Release|Any CPU
	EndGlobalSection
	GlobalSection(ProjectConfigurationPlatforms) = postSolution
		{91FD237F-8548-4909-B6B2-71C66B761575}.Debug|Any CPU.ActiveCfg = Debug|Any CPU
		{91FD237F-8548-4909-B6B2-71C66B761575}.Debug|Any CPU.Build.0 = Debug|Any CPU
		{91FD237F-8548-4909-B6B2-71C66B761575}.Release|Any CPU.ActiveCfg = Release|Any CPU
		{91FD237F-8548-4909-B6B2-71C66B761575}.Release|Any CPU.Build.0 = Release|Any CPU
		{AE80DE3D-C8E9-4C1B-B6E5-3072316205DF}.Debug|Any CPU.ActiveCfg = Debug|Any CPU
		{AE80DE3D-C8E9-4C1B-B6E5-3072316205DF}.Debug|Any CPU.Build.0 = Debug|Any CPU
		{AE80DE3D-C8E9-4C1B-B6E5-3072316205DF}.Release|Any CPU.ActiveCfg = Release|Any CPU
		{AE80DE3D-C8E9-4C1B-B6E5-3072316205DF}.Release|Any CPU.Build.0 = Release|Any CPU
		{11546B50-32BC-432D-9371-E0FADD4A38B6}.Debug|Any CPU.ActiveCfg = Debug|Any CPU
		{11546B50-32BC-432D-9371-E0FADD4A38B6}.Debug|Any CPU.Build.0 = Debug|Any CPU
		{11546B50-32BC-432D-9371-E0FADD4A38B6}.Release|Any CPU.ActiveCfg = Release|Any CPU
		{11546B50-32BC-432D-9371-E0FADD4A38B6}.Release|Any CPU.Build.0 = Release|Any CPU
		{35D692C5-4677-49AE-8BCF-031A1A3925B4}.Debug|Any CPU.ActiveCfg = Debug|Any CPU
		{35D692C5-4677-49AE-8BCF-031A1A3925B4}.Debug|Any CPU.Build.0 = Debug|Any CPU
		{35D692C5-4677-49AE-8BCF-031A1A3925B4}.Release|Any CPU.ActiveCfg = Release|Any CPU
		{35D692C5-4677-49AE-8BCF-031A1A3925B4}.Release|Any CPU.Build.0 = Release|Any CPU
		{2A3D0C59-19A5-4544-935E-6C2CB2D087E4}.Debug|Any CPU.ActiveCfg = Debug|Any CPU
		{2A3D0C59-19A5-4544-935E-6C2CB2D087E4}.Debug|Any CPU.Build.0 = Debug|Any CPU
		{2A3D0C59-19A5-4544-935E-6C2CB2D087E4}.Release|Any CPU.ActiveCfg = Release|Any CPU
		{2A3D0C59-19A5-4544-935E-6C2CB2D087E4}.Release|Any CPU.Build.0 = Release|Any CPU
	EndGlobalSection
	GlobalSection(SolutionProperties) = preSolution
		HideSolutionNode = FALSE
	EndGlobalSection
	GlobalSection(ExtensibilityGlobals) = postSolution
		SolutionGuid = {729909F0-81AE-4765-9E62-AD0EEF0110CE}
	EndGlobalSection
EndGlobal
