
Microsoft Visual Studio Solution File, Format Version 12.00
# Visual Studio Version 16
VisualStudioVersion = 16.0.29306.81
MinimumVisualStudioVersion = 10.0.40219.1
Project("{FAE04EC0-301F-11D3-BF4B-00C04F79EFBC}") = "ListagemDeCarros", "ListagemDeCarros\ListagemDeCarros.csproj", "{AC01C93A-8F6A-452A-9721-3E2885004B85}"
EndProject
Project("{FAE04EC0-301F-11D3-BF4B-00C04F79EFBC}") = "Execut", "Execut\Execut.csproj", "{83979881-BC1E-4BC1-B498-E1D2C2FAE110}"
EndProject
Global
	GlobalSection(SolutionConfigurationPlatforms) = preSolution
		Debug|Any CPU = Debug|Any CPU
		Release|Any CPU = Release|Any CPU
	EndGlobalSection
	GlobalSection(ProjectConfigurationPlatforms) = postSolution
		{AC01C93A-8F6A-452A-9721-3E2885004B85}.Debug|Any CPU.ActiveCfg = Debug|Any CPU
		{AC01C93A-8F6A-452A-9721-3E2885004B85}.Debug|Any CPU.Build.0 = Debug|Any CPU
		{AC01C93A-8F6A-452A-9721-3E2885004B85}.Release|Any CPU.ActiveCfg = Release|Any CPU
		{AC01C93A-8F6A-452A-9721-3E2885004B85}.Release|Any CPU.Build.0 = Release|Any CPU
		{83979881-BC1E-4BC1-B498-E1D2C2FAE110}.Debug|Any CPU.ActiveCfg = Debug|Any CPU
		{83979881-BC1E-4BC1-B498-E1D2C2FAE110}.Debug|Any CPU.Build.0 = Debug|Any CPU
		{83979881-BC1E-4BC1-B498-E1D2C2FAE110}.Release|Any CPU.ActiveCfg = Release|Any CPU
		{83979881-BC1E-4BC1-B498-E1D2C2FAE110}.Release|Any CPU.Build.0 = Release|Any CPU
	EndGlobalSection
	GlobalSection(SolutionProperties) = preSolution
		HideSolutionNode = FALSE
	EndGlobalSection
	GlobalSection(ExtensibilityGlobals) = postSolution
		SolutionGuid = {BC52789E-FF31-4CA4-B4BE-18F12223A508}
	EndGlobalSection
EndGlobal
