
Microsoft Visual Studio Solution File, Format Version 12.00
# Visual Studio Version 16
VisualStudioVersion = 16.0.29306.81
MinimumVisualStudioVersion = 10.0.40219.1
Project("{FAE04EC0-301F-11D3-BF4B-00C04F79EFBC}") = "DoBancoAoEntity", "DoBancoAoEntity\DoBancoAoEntity.csproj", "{7DC9F055-39B1-4160-9237-5B55CC9B68A3}"
EndProject
Global
	GlobalSection(SolutionConfigurationPlatforms) = preSolution
		Debug|Any CPU = Debug|Any CPU
		Release|Any CPU = Release|Any CPU
	EndGlobalSection
	GlobalSection(ProjectConfigurationPlatforms) = postSolution
		{7DC9F055-39B1-4160-9237-5B55CC9B68A3}.Debug|Any CPU.ActiveCfg = Debug|Any CPU
		{7DC9F055-39B1-4160-9237-5B55CC9B68A3}.Debug|Any CPU.Build.0 = Debug|Any CPU
		{7DC9F055-39B1-4160-9237-5B55CC9B68A3}.Release|Any CPU.ActiveCfg = Release|Any CPU
		{7DC9F055-39B1-4160-9237-5B55CC9B68A3}.Release|Any CPU.Build.0 = Release|Any CPU
	EndGlobalSection
	GlobalSection(SolutionProperties) = preSolution
		HideSolutionNode = FALSE
	EndGlobalSection
	GlobalSection(ExtensibilityGlobals) = postSolution
		SolutionGuid = {236F0524-E4F9-4A08-8A5E-90FBD6FDCE4D}
	EndGlobalSection
EndGlobal
