
Microsoft Visual Studio Solution File, Format Version 12.00
# Visual Studio Version 16
VisualStudioVersion = 16.0.29306.81
MinimumVisualStudioVersion = 10.0.40219.1
Project("{FAE04EC0-301F-11D3-BF4B-00C04F79EFBC}") = "TesteMetodo", "TesteMetodo\TesteMetodo.csproj", "{02FC548A-9127-4771-9071-377214357267}"
EndProject
Project("{FAE04EC0-301F-11D3-BF4B-00C04F79EFBC}") = "testeMetodoWhile", "testeMetodoWhile\testeMetodoWhile.csproj", "{DB5E2D3A-CD3A-4AD5-8F67-FDBE25DECC79}"
EndProject
Global
	GlobalSection(SolutionConfigurationPlatforms) = preSolution
		Debug|Any CPU = Debug|Any CPU
		Release|Any CPU = Release|Any CPU
	EndGlobalSection
	GlobalSection(ProjectConfigurationPlatforms) = postSolution
		{02FC548A-9127-4771-9071-377214357267}.Debug|Any CPU.ActiveCfg = Debug|Any CPU
		{02FC548A-9127-4771-9071-377214357267}.Debug|Any CPU.Build.0 = Debug|Any CPU
		{02FC548A-9127-4771-9071-377214357267}.Release|Any CPU.ActiveCfg = Release|Any CPU
		{02FC548A-9127-4771-9071-377214357267}.Release|Any CPU.Build.0 = Release|Any CPU
		{DB5E2D3A-CD3A-4AD5-8F67-FDBE25DECC79}.Debug|Any CPU.ActiveCfg = Debug|Any CPU
		{DB5E2D3A-CD3A-4AD5-8F67-FDBE25DECC79}.Debug|Any CPU.Build.0 = Debug|Any CPU
		{DB5E2D3A-CD3A-4AD5-8F67-FDBE25DECC79}.Release|Any CPU.ActiveCfg = Release|Any CPU
		{DB5E2D3A-CD3A-4AD5-8F67-FDBE25DECC79}.Release|Any CPU.Build.0 = Release|Any CPU
	EndGlobalSection
	GlobalSection(SolutionProperties) = preSolution
		HideSolutionNode = FALSE
	EndGlobalSection
	GlobalSection(ExtensibilityGlobals) = postSolution
		SolutionGuid = {3E486627-BA19-4C32-A768-7BE6B911311A}
	EndGlobalSection
EndGlobal
