
Microsoft Visual Studio Solution File, Format Version 12.00
# Visual Studio Version 16
VisualStudioVersion = 16.0.29306.81
MinimumVisualStudioVersion = 10.0.40219.1
Project("{FAE04EC0-301F-11D3-BF4B-00C04F79EFBC}") = "ListagemDeCervejas", "ListagemDeCervejas\ListagemDeCervejas.csproj", "{6298B5B9-7D85-4A40-94C4-0E6A9D758231}"
EndProject
Project("{FAE04EC0-301F-11D3-BF4B-00C04F79EFBC}") = "ListaCervejas", "ListaCervejas\ListaCervejas.csproj", "{0C7D8A82-363E-40D4-83B0-0BDA28C72C7D}"
EndProject
Global
	GlobalSection(SolutionConfigurationPlatforms) = preSolution
		Debug|Any CPU = Debug|Any CPU
		Release|Any CPU = Release|Any CPU
	EndGlobalSection
	GlobalSection(ProjectConfigurationPlatforms) = postSolution
		{6298B5B9-7D85-4A40-94C4-0E6A9D758231}.Debug|Any CPU.ActiveCfg = Debug|Any CPU
		{6298B5B9-7D85-4A40-94C4-0E6A9D758231}.Debug|Any CPU.Build.0 = Debug|Any CPU
		{6298B5B9-7D85-4A40-94C4-0E6A9D758231}.Release|Any CPU.ActiveCfg = Release|Any CPU
		{6298B5B9-7D85-4A40-94C4-0E6A9D758231}.Release|Any CPU.Build.0 = Release|Any CPU
		{0C7D8A82-363E-40D4-83B0-0BDA28C72C7D}.Debug|Any CPU.ActiveCfg = Debug|Any CPU
		{0C7D8A82-363E-40D4-83B0-0BDA28C72C7D}.Debug|Any CPU.Build.0 = Debug|Any CPU
		{0C7D8A82-363E-40D4-83B0-0BDA28C72C7D}.Release|Any CPU.ActiveCfg = Release|Any CPU
		{0C7D8A82-363E-40D4-83B0-0BDA28C72C7D}.Release|Any CPU.Build.0 = Release|Any CPU
	EndGlobalSection
	GlobalSection(SolutionProperties) = preSolution
		HideSolutionNode = FALSE
	EndGlobalSection
	GlobalSection(ExtensibilityGlobals) = postSolution
		SolutionGuid = {07DA2CAC-39FC-4AB6-A1BF-DAF0D147E8CC}
	EndGlobalSection
EndGlobal
