
Microsoft Visual Studio Solution File, Format Version 12.00
# Visual Studio Version 16
VisualStudioVersion = 16.0.29306.81
MinimumVisualStudioVersion = 10.0.40219.1
Project("{F184B08F-C81C-45F6-A57F-5ABD9991F28F}") = "NPrimos", "NPrimos\NPrimos.vbproj", "{FD8FDCD8-160D-4570-A6A1-A2C2600D93E9}"
EndProject
Global
	GlobalSection(SolutionConfigurationPlatforms) = preSolution
		Debug|Any CPU = Debug|Any CPU
		Release|Any CPU = Release|Any CPU
	EndGlobalSection
	GlobalSection(ProjectConfigurationPlatforms) = postSolution
		{FD8FDCD8-160D-4570-A6A1-A2C2600D93E9}.Debug|Any CPU.ActiveCfg = Debug|Any CPU
		{FD8FDCD8-160D-4570-A6A1-A2C2600D93E9}.Debug|Any CPU.Build.0 = Debug|Any CPU
		{FD8FDCD8-160D-4570-A6A1-A2C2600D93E9}.Release|Any CPU.ActiveCfg = Release|Any CPU
		{FD8FDCD8-160D-4570-A6A1-A2C2600D93E9}.Release|Any CPU.Build.0 = Release|Any CPU
	EndGlobalSection
	GlobalSection(SolutionProperties) = preSolution
		HideSolutionNode = FALSE
	EndGlobalSection
	GlobalSection(ExtensibilityGlobals) = postSolution
		SolutionGuid = {F6C92690-8561-482A-B6CE-432E929B0F72}
	EndGlobalSection
EndGlobal
