
Microsoft Visual Studio Solution File, Format Version 12.00
# Visual Studio Version 16
VisualStudioVersion = 16.0.29306.81
MinimumVisualStudioVersion = 10.0.40219.1
Project("{FAE04EC0-301F-11D3-BF4B-00C04F79EFBC}") = "ExercicioWhile", "ExercicioWhile\ExercicioWhile.csproj", "{464A71A4-373E-424D-B9AD-FB50DD9423B7}"
EndProject
Global
	GlobalSection(SolutionConfigurationPlatforms) = preSolution
		Debug|Any CPU = Debug|Any CPU
		Release|Any CPU = Release|Any CPU
	EndGlobalSection
	GlobalSection(ProjectConfigurationPlatforms) = postSolution
		{464A71A4-373E-424D-B9AD-FB50DD9423B7}.Debug|Any CPU.ActiveCfg = Debug|Any CPU
		{464A71A4-373E-424D-B9AD-FB50DD9423B7}.Debug|Any CPU.Build.0 = Debug|Any CPU
		{464A71A4-373E-424D-B9AD-FB50DD9423B7}.Release|Any CPU.ActiveCfg = Release|Any CPU
		{464A71A4-373E-424D-B9AD-FB50DD9423B7}.Release|Any CPU.Build.0 = Release|Any CPU
	EndGlobalSection
	GlobalSection(SolutionProperties) = preSolution
		HideSolutionNode = FALSE
	EndGlobalSection
	GlobalSection(ExtensibilityGlobals) = postSolution
		SolutionGuid = {2EFACA4E-5873-434B-B901-2D6BC456D727}
	EndGlobalSection
EndGlobal
