
Microsoft Visual Studio Solution File, Format Version 12.00
# Visual Studio Version 16
VisualStudioVersion = 16.0.29306.81
MinimumVisualStudioVersion = 10.0.40219.1
Project("{FAE04EC0-301F-11D3-BF4B-00C04F79EFBC}") = "MinhaPrimeiraClass", "MinhaPrimeiraClass\MinhaPrimeiraClass.csproj", "{B182963C-4A9F-4833-84F6-4DA851CF7A2D}"
EndProject
Project("{FAE04EC0-301F-11D3-BF4B-00C04F79EFBC}") = "MinhaSegundaClass", "MinhaSegundaClass\MinhaSegundaClass.csproj", "{BF8384ED-3002-45A0-AAAC-CC026CAC16B5}"
EndProject
Global
	GlobalSection(SolutionConfigurationPlatforms) = preSolution
		Debug|Any CPU = Debug|Any CPU
		Release|Any CPU = Release|Any CPU
	EndGlobalSection
	GlobalSection(ProjectConfigurationPlatforms) = postSolution
		{B182963C-4A9F-4833-84F6-4DA851CF7A2D}.Debug|Any CPU.ActiveCfg = Debug|Any CPU
		{B182963C-4A9F-4833-84F6-4DA851CF7A2D}.Debug|Any CPU.Build.0 = Debug|Any CPU
		{B182963C-4A9F-4833-84F6-4DA851CF7A2D}.Release|Any CPU.ActiveCfg = Release|Any CPU
		{B182963C-4A9F-4833-84F6-4DA851CF7A2D}.Release|Any CPU.Build.0 = Release|Any CPU
		{BF8384ED-3002-45A0-AAAC-CC026CAC16B5}.Debug|Any CPU.ActiveCfg = Debug|Any CPU
		{BF8384ED-3002-45A0-AAAC-CC026CAC16B5}.Debug|Any CPU.Build.0 = Debug|Any CPU
		{BF8384ED-3002-45A0-AAAC-CC026CAC16B5}.Release|Any CPU.ActiveCfg = Release|Any CPU
		{BF8384ED-3002-45A0-AAAC-CC026CAC16B5}.Release|Any CPU.Build.0 = Release|Any CPU
	EndGlobalSection
	GlobalSection(SolutionProperties) = preSolution
		HideSolutionNode = FALSE
	EndGlobalSection
	GlobalSection(ExtensibilityGlobals) = postSolution
		SolutionGuid = {73909B17-8E4C-4871-A2E3-F94907D47B2D}
	EndGlobalSection
EndGlobal
