
Microsoft Visual Studio Solution File, Format Version 12.00
# Visual Studio Version 16
VisualStudioVersion = 16.0.29306.81
MinimumVisualStudioVersion = 10.0.40219.1
Project("{FAE04EC0-301F-11D3-BF4B-00C04F79EFBC}") = "Atividade01", "Atividade01\Atividade01.csproj", "{C9CF9FE3-8989-41D2-A2DA-960FD7285BDE}"
EndProject
Project("{FAE04EC0-301F-11D3-BF4B-00C04F79EFBC}") = "Atividade2", "Atividade2\Atividade2.csproj", "{FB09A913-439D-4EB3-875B-6074C187144D}"
EndProject
Project("{FAE04EC0-301F-11D3-BF4B-00C04F79EFBC}") = "Atividade3", "Atividade3\Atividade3.csproj", "{0833BD89-0560-4B61-BD13-5076BF6973C1}"
EndProject
Global
	GlobalSection(SolutionConfigurationPlatforms) = preSolution
		Debug|Any CPU = Debug|Any CPU
		Release|Any CPU = Release|Any CPU
	EndGlobalSection
	GlobalSection(ProjectConfigurationPlatforms) = postSolution
		{C9CF9FE3-8989-41D2-A2DA-960FD7285BDE}.Debug|Any CPU.ActiveCfg = Debug|Any CPU
		{C9CF9FE3-8989-41D2-A2DA-960FD7285BDE}.Debug|Any CPU.Build.0 = Debug|Any CPU
		{C9CF9FE3-8989-41D2-A2DA-960FD7285BDE}.Release|Any CPU.ActiveCfg = Release|Any CPU
		{C9CF9FE3-8989-41D2-A2DA-960FD7285BDE}.Release|Any CPU.Build.0 = Release|Any CPU
		{FB09A913-439D-4EB3-875B-6074C187144D}.Debug|Any CPU.ActiveCfg = Debug|Any CPU
		{FB09A913-439D-4EB3-875B-6074C187144D}.Debug|Any CPU.Build.0 = Debug|Any CPU
		{FB09A913-439D-4EB3-875B-6074C187144D}.Release|Any CPU.ActiveCfg = Release|Any CPU
		{FB09A913-439D-4EB3-875B-6074C187144D}.Release|Any CPU.Build.0 = Release|Any CPU
		{0833BD89-0560-4B61-BD13-5076BF6973C1}.Debug|Any CPU.ActiveCfg = Debug|Any CPU
		{0833BD89-0560-4B61-BD13-5076BF6973C1}.Debug|Any CPU.Build.0 = Debug|Any CPU
		{0833BD89-0560-4B61-BD13-5076BF6973C1}.Release|Any CPU.ActiveCfg = Release|Any CPU
		{0833BD89-0560-4B61-BD13-5076BF6973C1}.Release|Any CPU.Build.0 = Release|Any CPU
	EndGlobalSection
	GlobalSection(SolutionProperties) = preSolution
		HideSolutionNode = FALSE
	EndGlobalSection
	GlobalSection(ExtensibilityGlobals) = postSolution
		SolutionGuid = {55EB1707-4F5E-457A-8EB0-0B8F369E5AF9}
	EndGlobalSection
EndGlobal
