
Microsoft Visual Studio Solution File, Format Version 12.00
# Visual Studio Version 16
VisualStudioVersion = 16.0.29306.81
MinimumVisualStudioVersion = 10.0.40219.1
Project("{FAE04EC0-301F-11D3-BF4B-00C04F79EFBC}") = "LocacaoBiblioteca", "LocacaoBiblioteca\LocacaoBiblioteca.csproj", "{A003B1DE-CB9D-46CA-A929-205D474C6DC1}"
EndProject
Project("{FAE04EC0-301F-11D3-BF4B-00C04F79EFBC}") = "InterfaceBiblioteca", "InterfaceBiblioteca\InterfaceBiblioteca.csproj", "{D6C8DC4F-F7B1-422F-B5A7-37B2348E518E}"
EndProject
Global
	GlobalSection(SolutionConfigurationPlatforms) = preSolution
		Debug|Any CPU = Debug|Any CPU
		Release|Any CPU = Release|Any CPU
	EndGlobalSection
	GlobalSection(ProjectConfigurationPlatforms) = postSolution
		{A003B1DE-CB9D-46CA-A929-205D474C6DC1}.Debug|Any CPU.ActiveCfg = Debug|Any CPU
		{A003B1DE-CB9D-46CA-A929-205D474C6DC1}.Debug|Any CPU.Build.0 = Debug|Any CPU
		{A003B1DE-CB9D-46CA-A929-205D474C6DC1}.Release|Any CPU.ActiveCfg = Release|Any CPU
		{A003B1DE-CB9D-46CA-A929-205D474C6DC1}.Release|Any CPU.Build.0 = Release|Any CPU
		{D6C8DC4F-F7B1-422F-B5A7-37B2348E518E}.Debug|Any CPU.ActiveCfg = Debug|Any CPU
		{D6C8DC4F-F7B1-422F-B5A7-37B2348E518E}.Debug|Any CPU.Build.0 = Debug|Any CPU
		{D6C8DC4F-F7B1-422F-B5A7-37B2348E518E}.Release|Any CPU.ActiveCfg = Release|Any CPU
		{D6C8DC4F-F7B1-422F-B5A7-37B2348E518E}.Release|Any CPU.Build.0 = Release|Any CPU
	EndGlobalSection
	GlobalSection(SolutionProperties) = preSolution
		HideSolutionNode = FALSE
	EndGlobalSection
	GlobalSection(ExtensibilityGlobals) = postSolution
		SolutionGuid = {404D4EC4-E422-4152-9958-52A7E05DC139}
	EndGlobalSection
EndGlobal
