
Microsoft Visual Studio Solution File, Format Version 12.00
# Visual Studio Version 16
VisualStudioVersion = 16.0.29306.81
MinimumVisualStudioVersion = 10.0.40219.1
Project("{FAE04EC0-301F-11D3-BF4B-00C04F79EFBC}") = "ConsoleApp4", "ConsoleApp4\ConsoleApp4.csproj", "{FCB4AE4F-3134-4F4E-9EA7-7D5BFC6C4650}"
EndProject
Global
	GlobalSection(SolutionConfigurationPlatforms) = preSolution
		Debug|Any CPU = Debug|Any CPU
		Release|Any CPU = Release|Any CPU
	EndGlobalSection
	GlobalSection(ProjectConfigurationPlatforms) = postSolution
		{FCB4AE4F-3134-4F4E-9EA7-7D5BFC6C4650}.Debug|Any CPU.ActiveCfg = Debug|Any CPU
		{FCB4AE4F-3134-4F4E-9EA7-7D5BFC6C4650}.Debug|Any CPU.Build.0 = Debug|Any CPU
		{FCB4AE4F-3134-4F4E-9EA7-7D5BFC6C4650}.Release|Any CPU.ActiveCfg = Release|Any CPU
		{FCB4AE4F-3134-4F4E-9EA7-7D5BFC6C4650}.Release|Any CPU.Build.0 = Release|Any CPU
	EndGlobalSection
	GlobalSection(SolutionProperties) = preSolution
		HideSolutionNode = FALSE
	EndGlobalSection
	GlobalSection(ExtensibilityGlobals) = postSolution
		SolutionGuid = {41B5309D-BAF2-47AD-928B-96DA3A219C90}
	EndGlobalSection
EndGlobal
