
Microsoft Visual Studio Solution File, Format Version 12.00
# Visual Studio Version 16
VisualStudioVersion = 16.0.29306.81
MinimumVisualStudioVersion = 10.0.40219.1
Project("{FAE04EC0-301F-11D3-BF4B-00C04F79EFBC}") = "NumPrimos", "NumPrimos\NumPrimos.csproj", "{9238A2E5-7E68-415A-B1F8-4FFC9EBDCE58}"
EndProject
Global
	GlobalSection(SolutionConfigurationPlatforms) = preSolution
		Debug|Any CPU = Debug|Any CPU
		Release|Any CPU = Release|Any CPU
	EndGlobalSection
	GlobalSection(ProjectConfigurationPlatforms) = postSolution
		{9238A2E5-7E68-415A-B1F8-4FFC9EBDCE58}.Debug|Any CPU.ActiveCfg = Debug|Any CPU
		{9238A2E5-7E68-415A-B1F8-4FFC9EBDCE58}.Debug|Any CPU.Build.0 = Debug|Any CPU
		{9238A2E5-7E68-415A-B1F8-4FFC9EBDCE58}.Release|Any CPU.ActiveCfg = Release|Any CPU
		{9238A2E5-7E68-415A-B1F8-4FFC9EBDCE58}.Release|Any CPU.Build.0 = Release|Any CPU
	EndGlobalSection
	GlobalSection(SolutionProperties) = preSolution
		HideSolutionNode = FALSE
	EndGlobalSection
	GlobalSection(ExtensibilityGlobals) = postSolution
		SolutionGuid = {B1FB971F-1A0F-4E8D-B227-4503AD2DD584}
	EndGlobalSection
EndGlobal
