
Microsoft Visual Studio Solution File, Format Version 12.00
# Visual Studio Version 16
VisualStudioVersion = 16.0.29306.81
MinimumVisualStudioVersion = 10.0.40219.1
Project("{FAE04EC0-301F-11D3-BF4B-00C04F79EFBC}") = "While1", "While1\While1.csproj", "{8B6F86BC-C263-4070-AD2C-420E65A4472A}"
EndProject
Project("{FAE04EC0-301F-11D3-BF4B-00C04F79EFBC}") = "While 2", "While 2\While 2.csproj", "{F73EBC97-734F-4E75-BF51-207F30BFD0F8}"
EndProject
Global
	GlobalSection(SolutionConfigurationPlatforms) = preSolution
		Debug|Any CPU = Debug|Any CPU
		Release|Any CPU = Release|Any CPU
	EndGlobalSection
	GlobalSection(ProjectConfigurationPlatforms) = postSolution
		{8B6F86BC-C263-4070-AD2C-420E65A4472A}.Debug|Any CPU.ActiveCfg = Debug|Any CPU
		{8B6F86BC-C263-4070-AD2C-420E65A4472A}.Debug|Any CPU.Build.0 = Debug|Any CPU
		{8B6F86BC-C263-4070-AD2C-420E65A4472A}.Release|Any CPU.ActiveCfg = Release|Any CPU
		{8B6F86BC-C263-4070-AD2C-420E65A4472A}.Release|Any CPU.Build.0 = Release|Any CPU
		{F73EBC97-734F-4E75-BF51-207F30BFD0F8}.Debug|Any CPU.ActiveCfg = Debug|Any CPU
		{F73EBC97-734F-4E75-BF51-207F30BFD0F8}.Debug|Any CPU.Build.0 = Debug|Any CPU
		{F73EBC97-734F-4E75-BF51-207F30BFD0F8}.Release|Any CPU.ActiveCfg = Release|Any CPU
		{F73EBC97-734F-4E75-BF51-207F30BFD0F8}.Release|Any CPU.Build.0 = Release|Any CPU
	EndGlobalSection
	GlobalSection(SolutionProperties) = preSolution
		HideSolutionNode = FALSE
	EndGlobalSection
	GlobalSection(ExtensibilityGlobals) = postSolution
		SolutionGuid = {24747258-5295-4781-A5B2-08324B125BB3}
	EndGlobalSection
EndGlobal
